{
  "name": "pii-freely",
  "version": "0.1.0",
  "lockfileVersion": 3,
  "requires": true,
  "packages": {
    "": {
      "name": "pii-freely",
      "version": "0.1.0",
      "dependencies": {
        "@desert-ant-labs/redact": "^3.1.0"
      },
      "bin": {
        "pii-freely": "cli.js"
      }
    },
    "node_modules/@bjorn3/browser_wasi_shim": {
      "version": "0.3.0",
      "resolved": "https://registry.npmjs.org/@bjorn3/browser_wasi_shim/-/browser_wasi_shim-0.3.0.tgz",
      "integrity": "sha512-FlRBYttPRLcWORzBe6g8nmYTafBkOEFeOqMYM4tAHJzFsQy4+xJA94z85a9BCs8S+Uzfh9LrkpII7DXr2iUVFg==",
      "license": "MIT OR Apache-2.0"
    },
    "node_modules/@desert-ant-labs/core": {
      "version": "3.1.0",
      "resolved": "https://registry.npmjs.org/@desert-ant-labs/core/-/core-3.1.0.tgz",
      "integrity": "sha512-H+/Vi246HKRJ3w9y2vn38FiArHkPeUofr1Qip5l/dbJre0YaqXnQfcA7TZmvHcrYQgAC9GdG4bZy0ifBCXCAYQ==",
      "license": "SEE LICENSE IN LICENSE.md",
      "peerDependencies": {
        "@litertjs/core": ">=2.1.0",
        "koffi": ">=2.9.0"
      },
      "peerDependenciesMeta": {
        "@litertjs/core": {
          "optional": true
        },
        "koffi": {
          "optional": true
        }
      }
    },
    "node_modules/@desert-ant-labs/redact": {
      "version": "3.1.0",
      "resolved": "https://registry.npmjs.org/@desert-ant-labs/redact/-/redact-3.1.0.tgz",
      "integrity": "sha512-P5VfyGjwdexqd3SS3jSWgpR1fBbx+kC8X6Kz7O4CbOOvIj901IOT8MH3GLyARgH2pZa0ZsRshoHIyLh4Qzn7jg==",
      "license": "SEE LICENSE IN LICENSE.md",
      "dependencies": {
        "@bjorn3/browser_wasi_shim": "^0.3.0",
        "@desert-ant-labs/core": "^3.1.0"
      },
      "optionalDependencies": {
        "koffi": "^2.9.0"
      },
      "peerDependencies": {
        "@litertjs/core": ">=2.1.0"
      },
      "peerDependenciesMeta": {
        "@litertjs/core": {
          "optional": true
        }
      }
    },
    "node_modules/koffi": {
      "version": "2.16.3",
      "resolved": "https://registry.npmjs.org/koffi/-/koffi-2.16.3.tgz",
      "integrity": "sha512-E9y1AsgYGlaxMhcZzHr8y96QF2U5XzA12GGVAfbWqIubTwPNMXQarfBzePNXHe0xtIEtNd6ifAv3GAKYGUeBAQ==",
      "hasInstallScript": true,
      "license": "MIT",
      "optional": true,
      "funding": {
        "url": "https://liberapay.com/Koromix"
      }
    }
  }
}
